
Microsoft Visual Studio Solution File, Format Version 12.00
# Visual Studio Version 17
VisualStudioVersion = 17.1.32328.378
MinimumVisualStudioVersion = 10.0.40219.1
Project("{FAE04EC0-301F-11D3-BF4B-00C04F79EFBC}") = "Bazar_App", "Bazar_App\Bazar_App.csproj", "{72615DEE-A73A-4ACB-A70D-31808FC12BC0}"
EndProject
Global
	GlobalSection(SolutionConfigurationPlatforms) = preSolution
		Debug|Any CPU = Debug|Any CPU
		Release|Any CPU = Release|Any CPU
	EndGlobalSection
	GlobalSection(ProjectConfigurationPlatforms) = postSolution
		{72615DEE-A73A-4ACB-A70D-31808FC12BC0}.Debug|Any CPU.ActiveCfg = Debug|Any CPU
		{72615DEE-A73A-4ACB-A70D-31808FC12BC0}.Debug|Any CPU.Build.0 = Debug|Any CPU
		{72615DEE-A73A-4ACB-A70D-31808FC12BC0}.Release|Any CPU.ActiveCfg = Release|Any CPU
		{72615DEE-A73A-4ACB-A70D-31808FC12BC0}.Release|Any CPU.Build.0 = Release|Any CPU
	EndGlobalSection
	GlobalSection(SolutionProperties) = preSolution
		HideSolutionNode = FALSE
	EndGlobalSection
	GlobalSection(ExtensibilityGlobals) = postSolution
		SolutionGuid = {DA358A02-565E-4F14-9497-5E2B669432AA}
	EndGlobalSection
EndGlobal
